Microsoft Visual Studio Solution File, Format Version 12.00
# Visual Studio Version 17
VisualStudioVersion = 17.8.0.0
MinimumVisualStudioVersion = 17.8.0.0
Project("{9A19103F-16F7-4668-BE54-9A1E7A4F7556}") = "WordFlux.AppHost", "WordFlux.AppHost\WordFlux.AppHost.csproj", "{7FAFFA2F-D2CF-40BB-ADAD-69169352F08B}"
EndProject
Project("{9A19103F-16F7-4668-BE54-9A1E7A4F7556}") = "WordFlux.ServiceDefaults", "WordFlux.ServiceDefaults\WordFlux.ServiceDefaults.csproj", "{DF97F8AE-BC7E-48DC-A25F-C704AF229298}"
EndProject
Project("{9A19103F-16F7-4668-BE54-9A1E7A4F7556}") = "WordFlux.ApiService", "WordFlux.ApiService\WordFlux.ApiService.csproj", "{421D4F59-B920-4077-A574-18914ADC6FD4}"
EndProject
Project("{FAE04EC0-301F-11D3-BF4B-00C04F79EFBC}") = "WordFlux.Contracts", "WordFlux.Contracts\WordFlux.Contracts.csproj", "{1555E911-B822-49A8-9BE6-14589EB8DAE6}"
EndProject
Project("{FAE04EC0-301F-11D3-BF4B-00C04F79EFBC}") = "WordFLux.ClientApp", "WordFLux.ClientApp\WordFLux.ClientApp.csproj", "{6E9CEBE0-2FC6-4791-87E4-8D40ECE13B3F}"
EndProject
Project("{2150E333-8FDC-42A3-9474-1A3956D46DE8}") = "workflows", "workflows", "{BBBFC48E-A62E-45DD-8682-CF7074A657F8}"
	ProjectSection(SolutionItems) = preProject
		.github\workflows\build-pr.yml = .github\workflows\build-pr.yml
		.github\workflows\deploy.yml = .github\workflows\deploy.yml
		.github\dependabot.yml = .github\dependabot.yml
	EndProjectSection
EndProject
Project("{2150E333-8FDC-42A3-9474-1A3956D46DE8}") = "webapi", "webapi", "{CC342B7F-F7EC-4DF2-8A49-C39A3EABBA7A}"
EndProject
Project("{2150E333-8FDC-42A3-9474-1A3956D46DE8}") = "clientapp", "clientapp", "{F0F3D144-5403-485F-AA4E-60FA6396B8EE}"
EndProject
Project("{FAE04EC0-301F-11D3-BF4B-00C04F79EFBC}") = "WordFlux.Domain", "WordFlux.Domain\WordFlux.Domain.csproj", "{BD5F5BA3-0FD0-4D88-8A9D-7C9610E94CC6}"
EndProject
Project("{FAE04EC0-301F-11D3-BF4B-00C04F79EFBC}") = "WordFlux.Infrastructure", "WordFlux.Infrastructure\WordFlux.Infrastructure.csproj", "{D699C4F4-1621-43A1-AA8B-E6CBB8731FB0}"
EndProject
Project("{FAE04EC0-301F-11D3-BF4B-00C04F79EFBC}") = "WordFlux.Application", "WordFlux.Application\WordFlux.Application.csproj", "{43AD8354-FC68-4EE2-A40B-1B430E968631}"
EndProject
Project("{2150E333-8FDC-42A3-9474-1A3956D46DE8}") = "shared", "shared", "{FD09CB51-9E56-4913-BAE3-1A84B54E9929}"
	ProjectSection(SolutionItems) = preProject
		Directory.Build.props = Directory.Build.props
		Directory.Packages.props = Directory.Packages.props
		nuget.config = nuget.config
	EndProjectSection
EndProject
Project("{2150E333-8FDC-42A3-9474-1A3956D46DE8}") = "tests", "tests", "{5FCD5ED6-862C-4F79-B95D-C03D4A55E724}"
EndProject
Project("{FAE04EC0-301F-11D3-BF4B-00C04F79EFBC}") = "WordFlux.Translations", "WordFlux.Translations\WordFlux.Translations.csproj", "{29C557B3-EDC7-489C-9376-1046E0A8AF44}"
EndProject
Global
	GlobalSection(SolutionConfigurationPlatforms) = preSolution
		Debug|Any CPU = Debug|Any CPU
		Release|Any CPU = Release|Any CPU
	EndGlobalSection
	GlobalSection(ProjectConfigurationPlatforms) = postSolution
		{7FAFFA2F-D2CF-40BB-ADAD-69169352F08B}.Debug|Any CPU.ActiveCfg = Debug|Any CPU
		{7FAFFA2F-D2CF-40BB-ADAD-69169352F08B}.Debug|Any CPU.Build.0 = Debug|Any CPU
		{7FAFFA2F-D2CF-40BB-ADAD-69169352F08B}.Release|Any CPU.ActiveCfg = Release|Any CPU
		{7FAFFA2F-D2CF-40BB-ADAD-69169352F08B}.Release|Any CPU.Build.0 = Release|Any CPU
		{DF97F8AE-BC7E-48DC-A25F-C704AF229298}.Debug|Any CPU.ActiveCfg = Debug|Any CPU
		{DF97F8AE-BC7E-48DC-A25F-C704AF229298}.Debug|Any CPU.Build.0 = Debug|Any CPU
		{DF97F8AE-BC7E-48DC-A25F-C704AF229298}.Release|Any CPU.ActiveCfg = Release|Any CPU
		{DF97F8AE-BC7E-48DC-A25F-C704AF229298}.Release|Any CPU.Build.0 = Release|Any CPU
		{421D4F59-B920-4077-A574-18914ADC6FD4}.Debug|Any CPU.ActiveCfg = Debug|Any CPU
		{421D4F59-B920-4077-A574-18914ADC6FD4}.Debug|Any CPU.Build.0 = Debug|Any CPU
		{421D4F59-B920-4077-A574-18914ADC6FD4}.Release|Any CPU.ActiveCfg = Release|Any CPU
		{421D4F59-B920-4077-A574-18914ADC6FD4}.Release|Any CPU.Build.0 = Release|Any CPU
		{1555E911-B822-49A8-9BE6-14589EB8DAE6}.Debug|Any CPU.ActiveCfg = Debug|Any CPU
		{1555E911-B822-49A8-9BE6-14589EB8DAE6}.Debug|Any CPU.Build.0 = Debug|Any CPU
		{1555E911-B822-49A8-9BE6-14589EB8DAE6}.Release|Any CPU.ActiveCfg = Release|Any CPU
		{1555E911-B822-49A8-9BE6-14589EB8DAE6}.Release|Any CPU.Build.0 = Release|Any CPU
		{6E9CEBE0-2FC6-4791-87E4-8D40ECE13B3F}.Debug|Any CPU.ActiveCfg = Debug|Any CPU
		{6E9CEBE0-2FC6-4791-87E4-8D40ECE13B3F}.Debug|Any CPU.Build.0 = Debug|Any CPU
		{6E9CEBE0-2FC6-4791-87E4-8D40ECE13B3F}.Release|Any CPU.ActiveCfg = Release|Any CPU
		{6E9CEBE0-2FC6-4791-87E4-8D40ECE13B3F}.Release|Any CPU.Build.0 = Release|Any CPU
		{BD5F5BA3-0FD0-4D88-8A9D-7C9610E94CC6}.Debug|Any CPU.ActiveCfg = Debug|Any CPU
		{BD5F5BA3-0FD0-4D88-8A9D-7C9610E94CC6}.Debug|Any CPU.Build.0 = Debug|Any CPU
		{BD5F5BA3-0FD0-4D88-8A9D-7C9610E94CC6}.Release|Any CPU.ActiveCfg = Release|Any CPU
		{BD5F5BA3-0FD0-4D88-8A9D-7C9610E94CC6}.Release|Any CPU.Build.0 = Release|Any CPU
		{D699C4F4-1621-43A1-AA8B-E6CBB8731FB0}.Debug|Any CPU.ActiveCfg = Debug|Any CPU
		{D699C4F4-1621-43A1-AA8B-E6CBB8731FB0}.Debug|Any CPU.Build.0 = Debug|Any CPU
		{D699C4F4-1621-43A1-AA8B-E6CBB8731FB0}.Release|Any CPU.ActiveCfg = Release|Any CPU
		{D699C4F4-1621-43A1-AA8B-E6CBB8731FB0}.Release|Any CPU.Build.0 = Release|Any CPU
		{43AD8354-FC68-4EE2-A40B-1B430E968631}.Debug|Any CPU.ActiveCfg = Debug|Any CPU
		{43AD8354-FC68-4EE2-A40B-1B430E968631}.Debug|Any CPU.Build.0 = Debug|Any CPU
		{43AD8354-FC68-4EE2-A40B-1B430E968631}.Release|Any CPU.ActiveCfg = Release|Any CPU
		{43AD8354-FC68-4EE2-A40B-1B430E968631}.Release|Any CPU.Build.0 = Release|Any CPU
		{29C557B3-EDC7-489C-9376-1046E0A8AF44}.Debug|Any CPU.ActiveCfg = Debug|Any CPU
		{29C557B3-EDC7-489C-9376-1046E0A8AF44}.Debug|Any CPU.Build.0 = Debug|Any CPU
		{29C557B3-EDC7-489C-9376-1046E0A8AF44}.Release|Any CPU.ActiveCfg = Release|Any CPU
		{29C557B3-EDC7-489C-9376-1046E0A8AF44}.Release|Any CPU.Build.0 = Release|Any CPU
	EndGlobalSection
	GlobalSection(SolutionProperties) = preSolution
		HideSolutionNode = FALSE
	EndGlobalSection
	GlobalSection(ExtensibilityGlobals) = postSolution
		SolutionGuid = {40470926-3141-4E36-AE3E-8863165F3B68}
	EndGlobalSection
	GlobalSection(NestedProjects) = preSolution
		{421D4F59-B920-4077-A574-18914ADC6FD4} = {CC342B7F-F7EC-4DF2-8A49-C39A3EABBA7A}
		{6E9CEBE0-2FC6-4791-87E4-8D40ECE13B3F} = {F0F3D144-5403-485F-AA4E-60FA6396B8EE}
		{BD5F5BA3-0FD0-4D88-8A9D-7C9610E94CC6} = {CC342B7F-F7EC-4DF2-8A49-C39A3EABBA7A}
		{D699C4F4-1621-43A1-AA8B-E6CBB8731FB0} = {CC342B7F-F7EC-4DF2-8A49-C39A3EABBA7A}
		{43AD8354-FC68-4EE2-A40B-1B430E968631} = {CC342B7F-F7EC-4DF2-8A49-C39A3EABBA7A}
		{29C557B3-EDC7-489C-9376-1046E0A8AF44} = {CC342B7F-F7EC-4DF2-8A49-C39A3EABBA7A}
		{7FAFFA2F-D2CF-40BB-ADAD-69169352F08B} = {CC342B7F-F7EC-4DF2-8A49-C39A3EABBA7A}
	EndGlobalSection
EndGlobal
