Microsoft Visual Studio Solution File, Format Version 12.00
# Visual Studio Version 17
VisualStudioVersion = 17.8.0.0
MinimumVisualStudioVersion = 17.8.0.0
Project("{9A19103F-16F7-4668-BE54-9A1E7A4F7556}") = "WordFlux.AppHost", "WordFlux.AppHost\WordFlux.AppHost.csproj", "{7FAFFA2F-D2CF-40BB-ADAD-69169352F08B}"
EndProject
Project("{9A19103F-16F7-4668-BE54-9A1E7A4F7556}") = "WordFlux.ServiceDefaults", "WordFlux.ServiceDefaults\WordFlux.ServiceDefaults.csproj", "{DF97F8AE-BC7E-48DC-A25F-C704AF229298}"
EndProject
Project("{9A19103F-16F7-4668-BE54-9A1E7A4F7556}") = "WordFlux.ApiService", "WordFlux.ApiService\WordFlux.ApiService.csproj", "{421D4F59-B920-4077-A574-18914ADC6FD4}"
EndProject
Project("{9A19103F-16F7-4668-BE54-9A1E7A4F7556}") = "WordFlux.Web", "WordFlux.Web\WordFlux.Web.csproj", "{64BDBB15-BFFE-48B9-AF12-F9ECD25EB4A7}"
EndProject
Project("{FAE04EC0-301F-11D3-BF4B-00C04F79EFBC}") = "WordFlux.ApiService.UnitTests", "WordFlux.ApiService.UnitTests\WordFlux.ApiService.UnitTests.csproj", "{237E43CC-9940-41C0-BEB0-ACFC57603F72}"
EndProject
Project("{FAE04EC0-301F-11D3-BF4B-00C04F79EFBC}") = "WordFlux.Web.UnitTests", "WordFlux.Web.UnitTests\WordFlux.Web.UnitTests.csproj", "{033C12E0-F4F7-4A19-9F61-5EF3BC261415}"
EndProject
Project("{FAE04EC0-301F-11D3-BF4B-00C04F79EFBC}") = "WordFlux.Contracts", "WordFlux.Contracts\WordFlux.Contracts.csproj", "{1555E911-B822-49A8-9BE6-14589EB8DAE6}"
EndProject
Project("{FAE04EC0-301F-11D3-BF4B-00C04F79EFBC}") = "WordFLux.ClientApp", "WordFLux.ClientApp\WordFLux.ClientApp.csproj", "{6E9CEBE0-2FC6-4791-87E4-8D40ECE13B3F}"
EndProject
Project("{2150E333-8FDC-42A3-9474-1A3956D46DE8}") = "workflows", "workflows", "{BBBFC48E-A62E-45DD-8682-CF7074A657F8}"
	ProjectSection(SolutionItems) = preProject
		.github\workflows\azure-static-web-apps-green-wave-06b1faa0f.yml = .github\workflows\azure-static-web-apps-green-wave-06b1faa0f.yml
		.github\workflows\build-pr.yml = .github\workflows\build-pr.yml
		.github\workflows\deploy.yml = .github\workflows\deploy.yml
	EndProjectSection
EndProject
Global
	GlobalSection(SolutionConfigurationPlatforms) = preSolution
		Debug|Any CPU = Debug|Any CPU
		Release|Any CPU = Release|Any CPU
	EndGlobalSection
	GlobalSection(ProjectConfigurationPlatforms) = postSolution
		{7FAFFA2F-D2CF-40BB-ADAD-69169352F08B}.Debug|Any CPU.ActiveCfg = Debug|Any CPU
		{7FAFFA2F-D2CF-40BB-ADAD-69169352F08B}.Debug|Any CPU.Build.0 = Debug|Any CPU
		{7FAFFA2F-D2CF-40BB-ADAD-69169352F08B}.Release|Any CPU.ActiveCfg = Release|Any CPU
		{7FAFFA2F-D2CF-40BB-ADAD-69169352F08B}.Release|Any CPU.Build.0 = Release|Any CPU
		{DF97F8AE-BC7E-48DC-A25F-C704AF229298}.Debug|Any CPU.ActiveCfg = Debug|Any CPU
		{DF97F8AE-BC7E-48DC-A25F-C704AF229298}.Debug|Any CPU.Build.0 = Debug|Any CPU
		{DF97F8AE-BC7E-48DC-A25F-C704AF229298}.Release|Any CPU.ActiveCfg = Release|Any CPU
		{DF97F8AE-BC7E-48DC-A25F-C704AF229298}.Release|Any CPU.Build.0 = Release|Any CPU
		{421D4F59-B920-4077-A574-18914ADC6FD4}.Debug|Any CPU.ActiveCfg = Debug|Any CPU
		{421D4F59-B920-4077-A574-18914ADC6FD4}.Debug|Any CPU.Build.0 = Debug|Any CPU
		{421D4F59-B920-4077-A574-18914ADC6FD4}.Release|Any CPU.ActiveCfg = Release|Any CPU
		{421D4F59-B920-4077-A574-18914ADC6FD4}.Release|Any CPU.Build.0 = Release|Any CPU
		{64BDBB15-BFFE-48B9-AF12-F9ECD25EB4A7}.Debug|Any CPU.ActiveCfg = Debug|Any CPU
		{64BDBB15-BFFE-48B9-AF12-F9ECD25EB4A7}.Debug|Any CPU.Build.0 = Debug|Any CPU
		{64BDBB15-BFFE-48B9-AF12-F9ECD25EB4A7}.Release|Any CPU.ActiveCfg = Release|Any CPU
		{64BDBB15-BFFE-48B9-AF12-F9ECD25EB4A7}.Release|Any CPU.Build.0 = Release|Any CPU
		{237E43CC-9940-41C0-BEB0-ACFC57603F72}.Debug|Any CPU.ActiveCfg = Debug|Any CPU
		{237E43CC-9940-41C0-BEB0-ACFC57603F72}.Debug|Any CPU.Build.0 = Debug|Any CPU
		{237E43CC-9940-41C0-BEB0-ACFC57603F72}.Release|Any CPU.ActiveCfg = Release|Any CPU
		{237E43CC-9940-41C0-BEB0-ACFC57603F72}.Release|Any CPU.Build.0 = Release|Any CPU
		{033C12E0-F4F7-4A19-9F61-5EF3BC261415}.Debug|Any CPU.ActiveCfg = Debug|Any CPU
		{033C12E0-F4F7-4A19-9F61-5EF3BC261415}.Debug|Any CPU.Build.0 = Debug|Any CPU
		{033C12E0-F4F7-4A19-9F61-5EF3BC261415}.Release|Any CPU.ActiveCfg = Release|Any CPU
		{033C12E0-F4F7-4A19-9F61-5EF3BC261415}.Release|Any CPU.Build.0 = Release|Any CPU
		{1555E911-B822-49A8-9BE6-14589EB8DAE6}.Debug|Any CPU.ActiveCfg = Debug|Any CPU
		{1555E911-B822-49A8-9BE6-14589EB8DAE6}.Debug|Any CPU.Build.0 = Debug|Any CPU
		{1555E911-B822-49A8-9BE6-14589EB8DAE6}.Release|Any CPU.ActiveCfg = Release|Any CPU
		{1555E911-B822-49A8-9BE6-14589EB8DAE6}.Release|Any CPU.Build.0 = Release|Any CPU
		{6E9CEBE0-2FC6-4791-87E4-8D40ECE13B3F}.Debug|Any CPU.ActiveCfg = Debug|Any CPU
		{6E9CEBE0-2FC6-4791-87E4-8D40ECE13B3F}.Debug|Any CPU.Build.0 = Debug|Any CPU
		{6E9CEBE0-2FC6-4791-87E4-8D40ECE13B3F}.Release|Any CPU.ActiveCfg = Release|Any CPU
		{6E9CEBE0-2FC6-4791-87E4-8D40ECE13B3F}.Release|Any CPU.Build.0 = Release|Any CPU
	EndGlobalSection
	GlobalSection(SolutionProperties) = preSolution
		HideSolutionNode = FALSE
	EndGlobalSection
	GlobalSection(ExtensibilityGlobals) = postSolution
		SolutionGuid = {40470926-3141-4E36-AE3E-8863165F3B68}
	EndGlobalSection
EndGlobal
